{
  "lockfile_version": "1",
  "packages": {
    "pnpm@latest": {
      "last_modified": "2025-01-06T12:26:56Z",
      "resolved": "github:NixOS/nixpkgs/b30f97d8c32d804d2d832ee837d0f1ca0695faa5#pnpm",
      "source": "devbox-search",
      "version": "9.15.3",
      "systems": {
        "aarch64-darwin": {
          "outputs": [
            {
              "name": "out",
              "path": "/nix/store/hhprmwazmgvxqff5zpra2bw0cb12f4sl-pnpm-9.15.3",
              "default": true
            }
          ],
          "store_path": "/nix/store/hhprmwazmgvxqff5zpra2bw0cb12f4sl-pnpm-9.15.3"
        },
        "aarch64-linux": {
          "outputs": [
            {
              "name": "out",
              "path": "/nix/store/id6m5r3zip98l8g9lyvgwv8bvvnn99hq-pnpm-9.15.3",
              "default": true
            }
          ],
          "store_path": "/nix/store/id6m5r3zip98l8g9lyvgwv8bvvnn99hq-pnpm-9.15.3"
        },
        "x86_64-darwin": {
          "outputs": [
            {
              "name": "out",
              "path": "/nix/store/4lsfbyj9fl5yf6ar3cfj7vngd5v7rvqg-pnpm-9.15.3",
              "default": true
            }
          ],
          "store_path": "/nix/store/4lsfbyj9fl5yf6ar3cfj7vngd5v7rvqg-pnpm-9.15.3"
        },
        "x86_64-linux": {
          "outputs": [
            {
              "name": "out",
              "path": "/nix/store/p7r1k66dzs1qpkas0jx5v20asih9y37q-pnpm-9.15.3",
              "default": true
            }
          ],
          "store_path": "/nix/store/p7r1k66dzs1qpkas0jx5v20asih9y37q-pnpm-9.15.3"
        }
      }
    }
  }
}
